<?xml version="1.0" encoding="utf-8"?>
<Project ToolsVersion="4.0" xmlns="http://schemas.microsoft.com/developer/msbuild/2003">
  <ItemGroup>
    <ClInclude Include="Framework\Elements\Args.hpp" />
    <ClInclude Include="Framework\Elements\Msg.hpp" />
    <ClInclude Include="Framework\Elements\Transform.hpp" />
    <ClInclude Include="Framework\Elements\Window.hpp" />
    <ClInclude Include="Framework\libs.hpp" />
    <ClInclude Include="Framework\main.hpp" />
    <ClInclude Include="Framework\Elements\UI\Button.hpp" />
    <ClInclude Include="Framework\Elements\UI\ButtonBase.hpp" />
    <ClInclude Include="Framework\Elements\UI\CheckBox.hpp" />
    <ClInclude Include="Framework\Elements\UI\CheckBox3.hpp" />
    <ClInclude Include="Framework\Elements\UI\ComboBox.hpp" />
    <ClInclude Include="Framework\Elements\UI\Input.hpp" />
    <ClInclude Include="Framework\Elements\UI\ListBox.hpp" />
    <ClInclude Include="Framework\Elements\UI\RadioButton.hpp" />
    <ClInclude Include="Framework\Elements\UI\ScrollBar.hpp" />
    <ClInclude Include="Framework\Elements\UI\Text.hpp" />
    <ClInclude Include="Framework\Elements\UI\UI.hpp" />
    <ClInclude Include="Framework\Elements\UI\UILibs.hpp" />
    <ClInclude Include="Framework\Elements\WindowClass.hpp" />
    <ClInclude Include="Framework\Elements\Menu\Menu.hpp" />
    <ClInclude Include="Framework\Elements\Menu\MenuItem.hpp" />
  </ItemGroup>
  <ItemGroup>
    <ClCompile Include="Framework\FrameworkEntryPoint.cpp" />
  </ItemGroup>
</Project>